
Microsoft Visual Studio Solution File, Format Version 12.00
# Visual Studio Version 16
VisualStudioVersion = 16.0.31019.35
MinimumVisualStudioVersion = 10.0.40219.1
Project("{FAE04EC0-301F-11D3-BF4B-00C04F79EFBC}") = "PgPackageLib", "PgPackageLib\PgPackageLib.csproj", "{90B7FA2E-8D99-4A39-AD83-307824302D7D}"
EndProject
Global
	GlobalSection(SolutionConfigurationPlatforms) = preSolution
		Debug|Any CPU = Debug|Any CPU
		Release|Any CPU = Release|Any CPU
	EndGlobalSection
	GlobalSection(ProjectConfigurationPlatforms) = postSolution
		{90B7FA2E-8D99-4A39-AD83-307824302D7D}.Debug|Any CPU.ActiveCfg = Debug|Any CPU
		{90B7FA2E-8D99-4A39-AD83-307824302D7D}.Debug|Any CPU.Build.0 = Debug|Any CPU
		{90B7FA2E-8D99-4A39-AD83-307824302D7D}.Release|Any CPU.ActiveCfg = Release|Any CPU
		{90B7FA2E-8D99-4A39-AD83-307824302D7D}.Release|Any CPU.Build.0 = Release|Any CPU
	EndGlobalSection
	GlobalSection(SolutionProperties) = preSolution
		HideSolutionNode = FALSE
	EndGlobalSection
	GlobalSection(ExtensibilityGlobals) = postSolution
		SolutionGuid = {355531FD-09C2-44CD-95E2-79FCE548FB45}
	EndGlobalSection
EndGlobal
